
Microsoft Visual Studio Solution File, Format Version 12.00
# Visual Studio 15
VisualStudioVersion = 15.0.26430.14
MinimumVisualStudioVersion = 10.0.40219.1
Project("{D954291E-2A0B-460D-934E-DC6B0785DB48}") = "Marvel.Core", "Marvel.Core\Marvel.Core.shproj", "{BFB294A8-46CB-4EBE-91DF-CAEBBDC19C3C}"
EndProject
Project("{FAE04EC0-301F-11D3-BF4B-00C04F79EFBC}") = "Marvel.Android", "Marvel.Android\Marvel.Android.csproj", "{6E7809BA-7B2C-4761-A963-0290FF268A51}"
EndProject
Global
	GlobalSection(SharedMSBuildProjectFiles) = preSolution
		Marvel.Core\Marvel.Core.projitems*{6e7809ba-7b2c-4761-a963-0290ff268a51}*SharedItemsImports = 4
		Marvel.Core\Marvel.Core.projitems*{bfb294a8-46cb-4ebe-91df-caebbdc19c3c}*SharedItemsImports = 13
	EndGlobalSection
	GlobalSection(SolutionConfigurationPlatforms) = preSolution
		Debug|Any CPU = Debug|Any CPU
		Release|Any CPU = Release|Any CPU
	EndGlobalSection
	GlobalSection(ProjectConfigurationPlatforms) = postSolution
		{6E7809BA-7B2C-4761-A963-0290FF268A51}.Debug|Any CPU.ActiveCfg = Debug|Any CPU
		{6E7809BA-7B2C-4761-A963-0290FF268A51}.Debug|Any CPU.Build.0 = Debug|Any CPU
		{6E7809BA-7B2C-4761-A963-0290FF268A51}.Debug|Any CPU.Deploy.0 = Debug|Any CPU
		{6E7809BA-7B2C-4761-A963-0290FF268A51}.Release|Any CPU.ActiveCfg = Release|Any CPU
		{6E7809BA-7B2C-4761-A963-0290FF268A51}.Release|Any CPU.Build.0 = Release|Any CPU
		{6E7809BA-7B2C-4761-A963-0290FF268A51}.Release|Any CPU.Deploy.0 = Release|Any CPU
	EndGlobalSection
	GlobalSection(SolutionProperties) = preSolution
		HideSolutionNode = FALSE
	EndGlobalSection
EndGlobal
